
Microsoft Visual Studio Solution File, Format Version 12.00
# Visual Studio Version 17
VisualStudioVersion = 17.0.31903.59
MinimumVisualStudioVersion = 10.0.40219.1
Project("{2150E333-8FDC-42A3-9474-1A3956D46DE8}") = "src", "src", "{827E0CD3-B72D-47B6-A68D-7590B98EB39B}"
EndProject
Project("{FAE04EC0-301F-11D3-BF4B-00C04F79EFBC}") = "Augur.Core", "src\Augur.Core\Augur.Core.csproj", "{484093A4-0814-4C14-97EC-216D53596E09}"
EndProject
Project("{FAE04EC0-301F-11D3-BF4B-00C04F79EFBC}") = "Augur.Cli", "src\Augur.Cli\Augur.Cli.csproj", "{E8E1F74F-481D-499D-BE70-63D90173391A}"
EndProject
Project("{2150E333-8FDC-42A3-9474-1A3956D46DE8}") = "tests", "tests", "{0AB3BF05-4346-4AA6-1389-037BE0695223}"
EndProject
Project("{FAE04EC0-301F-11D3-BF4B-00C04F79EFBC}") = "Augur.Tests", "tests\Augur.Tests\Augur.Tests.csproj", "{1152081F-8B59-46CB-A0E3-445F09F9CED2}"
EndProject
Project("{FAE04EC0-301F-11D3-BF4B-00C04F79EFBC}") = "Augur.Oracle.Scripted", "src\Augur.Oracle.Scripted\Augur.Oracle.Scripted.csproj", "{36B55E35-20FC-433D-A9B7-B0F9BA2C2B47}"
EndProject
Global
	GlobalSection(SolutionConfigurationPlatforms) = preSolution
		Debug|Any CPU = Debug|Any CPU
		Debug|x64 = Debug|x64
		Debug|x86 = Debug|x86
		Release|Any CPU = Release|Any CPU
		Release|x64 = Release|x64
		Release|x86 = Release|x86
	EndGlobalSection
	GlobalSection(ProjectConfigurationPlatforms) = postSolution
		{484093A4-0814-4C14-97EC-216D53596E09}.Debug|Any CPU.ActiveCfg = Debug|Any CPU
		{484093A4-0814-4C14-97EC-216D53596E09}.Debug|Any CPU.Build.0 = Debug|Any CPU
		{484093A4-0814-4C14-97EC-216D53596E09}.Debug|x64.ActiveCfg = Debug|Any CPU
		{484093A4-0814-4C14-97EC-216D53596E09}.Debug|x64.Build.0 = Debug|Any CPU
		{484093A4-0814-4C14-97EC-216D53596E09}.Debug|x86.ActiveCfg = Debug|Any CPU
		{484093A4-0814-4C14-97EC-216D53596E09}.Debug|x86.Build.0 = Debug|Any CPU
		{484093A4-0814-4C14-97EC-216D53596E09}.Release|Any CPU.ActiveCfg = Release|Any CPU
		{484093A4-0814-4C14-97EC-216D53596E09}.Release|Any CPU.Build.0 = Release|Any CPU
		{484093A4-0814-4C14-97EC-216D53596E09}.Release|x64.ActiveCfg = Release|Any CPU
		{484093A4-0814-4C14-97EC-216D53596E09}.Release|x64.Build.0 = Release|Any CPU
		{484093A4-0814-4C14-97EC-216D53596E09}.Release|x86.ActiveCfg = Release|Any CPU
		{484093A4-0814-4C14-97EC-216D53596E09}.Release|x86.Build.0 = Release|Any CPU
		{E8E1F74F-481D-499D-BE70-63D90173391A}.Debug|Any CPU.ActiveCfg = Debug|Any CPU
		{E8E1F74F-481D-499D-BE70-63D90173391A}.Debug|Any CPU.Build.0 = Debug|Any CPU
		{E8E1F74F-481D-499D-BE70-63D90173391A}.Debug|x64.ActiveCfg = Debug|Any CPU
		{E8E1F74F-481D-499D-BE70-63D90173391A}.Debug|x64.Build.0 = Debug|Any CPU
		{E8E1F74F-481D-499D-BE70-63D90173391A}.Debug|x86.ActiveCfg = Debug|Any CPU
		{E8E1F74F-481D-499D-BE70-63D90173391A}.Debug|x86.Build.0 = Debug|Any CPU
		{E8E1F74F-481D-499D-BE70-63D90173391A}.Release|Any CPU.ActiveCfg = Release|Any CPU
		{E8E1F74F-481D-499D-BE70-63D90173391A}.Release|Any CPU.Build.0 = Release|Any CPU
		{E8E1F74F-481D-499D-BE70-63D90173391A}.Release|x64.ActiveCfg = Release|Any CPU
		{E8E1F74F-481D-499D-BE70-63D90173391A}.Release|x64.Build.0 = Release|Any CPU
		{E8E1F74F-481D-499D-BE70-63D90173391A}.Release|x86.ActiveCfg = Release|Any CPU
		{E8E1F74F-481D-499D-BE70-63D90173391A}.Release|x86.Build.0 = Release|Any CPU
		{1152081F-8B59-46CB-A0E3-445F09F9CED2}.Debug|Any CPU.ActiveCfg = Debug|Any CPU
		{1152081F-8B59-46CB-A0E3-445F09F9CED2}.Debug|Any CPU.Build.0 = Debug|Any CPU
		{1152081F-8B59-46CB-A0E3-445F09F9CED2}.Debug|x64.ActiveCfg = Debug|Any CPU
		{1152081F-8B59-46CB-A0E3-445F09F9CED2}.Debug|x64.Build.0 = Debug|Any CPU
		{1152081F-8B59-46CB-A0E3-445F09F9CED2}.Debug|x86.ActiveCfg = Debug|Any CPU
		{1152081F-8B59-46CB-A0E3-445F09F9CED2}.Debug|x86.Build.0 = Debug|Any CPU
		{1152081F-8B59-46CB-A0E3-445F09F9CED2}.Release|Any CPU.ActiveCfg = Release|Any CPU
		{1152081F-8B59-46CB-A0E3-445F09F9CED2}.Release|Any CPU.Build.0 = Release|Any CPU
		{1152081F-8B59-46CB-A0E3-445F09F9CED2}.Release|x64.ActiveCfg = Release|Any CPU
		{1152081F-8B59-46CB-A0E3-445F09F9CED2}.Release|x64.Build.0 = Release|Any CPU
		{1152081F-8B59-46CB-A0E3-445F09F9CED2}.Release|x86.ActiveCfg = Release|Any CPU
		{1152081F-8B59-46CB-A0E3-445F09F9CED2}.Release|x86.Build.0 = Release|Any CPU
		{36B55E35-20FC-433D-A9B7-B0F9BA2C2B47}.Debug|Any CPU.ActiveCfg = Debug|Any CPU
		{36B55E35-20FC-433D-A9B7-B0F9BA2C2B47}.Debug|Any CPU.Build.0 = Debug|Any CPU
		{36B55E35-20FC-433D-A9B7-B0F9BA2C2B47}.Debug|x64.ActiveCfg = Debug|Any CPU
		{36B55E35-20FC-433D-A9B7-B0F9BA2C2B47}.Debug|x64.Build.0 = Debug|Any CPU
		{36B55E35-20FC-433D-A9B7-B0F9BA2C2B47}.Debug|x86.ActiveCfg = Debug|Any CPU
		{36B55E35-20FC-433D-A9B7-B0F9BA2C2B47}.Debug|x86.Build.0 = Debug|Any CPU
		{36B55E35-20FC-433D-A9B7-B0F9BA2C2B47}.Release|Any CPU.ActiveCfg = Release|Any CPU
		{36B55E35-20FC-433D-A9B7-B0F9BA2C2B47}.Release|Any CPU.Build.0 = Release|Any CPU
		{36B55E35-20FC-433D-A9B7-B0F9BA2C2B47}.Release|x64.ActiveCfg = Release|Any CPU
		{36B55E35-20FC-433D-A9B7-B0F9BA2C2B47}.Release|x64.Build.0 = Release|Any CPU
		{36B55E35-20FC-433D-A9B7-B0F9BA2C2B47}.Release|x86.ActiveCfg = Release|Any CPU
		{36B55E35-20FC-433D-A9B7-B0F9BA2C2B47}.Release|x86.Build.0 = Release|Any CPU
	EndGlobalSection
	GlobalSection(SolutionProperties) = preSolution
		HideSolutionNode = FALSE
	EndGlobalSection
	GlobalSection(NestedProjects) = preSolution
		{484093A4-0814-4C14-97EC-216D53596E09} = {827E0CD3-B72D-47B6-A68D-7590B98EB39B}
		{E8E1F74F-481D-499D-BE70-63D90173391A} = {827E0CD3-B72D-47B6-A68D-7590B98EB39B}
		{1152081F-8B59-46CB-A0E3-445F09F9CED2} = {0AB3BF05-4346-4AA6-1389-037BE0695223}
		{36B55E35-20FC-433D-A9B7-B0F9BA2C2B47} = {827E0CD3-B72D-47B6-A68D-7590B98EB39B}
	EndGlobalSection
EndGlobal
